<?xml version="1.0" encoding="UTF-8"?>
<CodeBlocks_project_file>
	<FileVersion major="1" minor="6"/>
	<Project>
		<Option title="bp"/>
		<Option makefile_is_custom="1"/>
		<Option compiler="gcc"/>
		<Option virtualFolders="CMake Files\;"/>
		<Build>
			<Target title="all">
				<Option working_dir="/Users/mig/Desktop/大三上/artificial-intelligence/BP"/>
				<Option type="4"/>
				<MakeCommands>
					<Build command="/usr/bin/make -f &quot;/Users/mig/Desktop/大三上/artificial-intelligence/BP/Makefile&quot;  VERBOSE=1 all"/>
					<CompileFile command="/usr/bin/make -f &quot;/Users/mig/Desktop/大三上/artificial-intelligence/BP/Makefile&quot;  VERBOSE=1 &quot;$file&quot;"/>
					<Clean command="/usr/bin/make -f &quot;/Users/mig/Desktop/大三上/artificial-intelligence/BP/Makefile&quot;  VERBOSE=1 clean"/>
					<DistClean command="/usr/bin/make -f &quot;/Users/mig/Desktop/大三上/artificial-intelligence/BP/Makefile&quot;  VERBOSE=1 clean"/>
				</MakeCommands>
			</Target>
			<Target title="rebuild_cache">
				<Option working_dir="/Users/mig/Desktop/大三上/artificial-intelligence/BP"/>
				<Option type="4"/>
				<MakeCommands>
					<Build command="/usr/bin/make -f &quot;/Users/mig/Desktop/大三上/artificial-intelligence/BP/Makefile&quot;  VERBOSE=1 rebuild_cache"/>
					<CompileFile command="/usr/bin/make -f &quot;/Users/mig/Desktop/大三上/artificial-intelligence/BP/Makefile&quot;  VERBOSE=1 &quot;$file&quot;"/>
					<Clean command="/usr/bin/make -f &quot;/Users/mig/Desktop/大三上/artificial-intelligence/BP/Makefile&quot;  VERBOSE=1 clean"/>
					<DistClean command="/usr/bin/make -f &quot;/Users/mig/Desktop/大三上/artificial-intelligence/BP/Makefile&quot;  VERBOSE=1 clean"/>
				</MakeCommands>
			</Target>
			<Target title="edit_cache">
				<Option working_dir="/Users/mig/Desktop/大三上/artificial-intelligence/BP"/>
				<Option type="4"/>
				<MakeCommands>
					<Build command="/usr/bin/make -f &quot;/Users/mig/Desktop/大三上/artificial-intelligence/BP/Makefile&quot;  VERBOSE=1 edit_cache"/>
					<CompileFile command="/usr/bin/make -f &quot;/Users/mig/Desktop/大三上/artificial-intelligence/BP/Makefile&quot;  VERBOSE=1 &quot;$file&quot;"/>
					<Clean command="/usr/bin/make -f &quot;/Users/mig/Desktop/大三上/artificial-intelligence/BP/Makefile&quot;  VERBOSE=1 clean"/>
					<DistClean command="/usr/bin/make -f &quot;/Users/mig/Desktop/大三上/artificial-intelligence/BP/Makefile&quot;  VERBOSE=1 clean"/>
				</MakeCommands>
			</Target>
			<Target title="bp-mac">
				<Option output="/Users/mig/Desktop/大三上/artificial-intelligence/BP/bin/bp-mac" prefix_auto="0" extension_auto="0"/>
				<Option working_dir="/Users/mig/Desktop/大三上/artificial-intelligence/BP/bin"/>
				<Option object_output="./"/>
				<Option type="1"/>
				<Option compiler="gcc"/>
				<Compiler>
					<Add directory="/Users/mig/Desktop/大三上/artificial-intelligence/BP/."/>
				</Compiler>
				<MakeCommands>
					<Build command="/usr/bin/make -f &quot;/Users/mig/Desktop/大三上/artificial-intelligence/BP/Makefile&quot;  VERBOSE=1 bp-mac"/>
					<CompileFile command="/usr/bin/make -f &quot;/Users/mig/Desktop/大三上/artificial-intelligence/BP/Makefile&quot;  VERBOSE=1 &quot;$file&quot;"/>
					<Clean command="/usr/bin/make -f &quot;/Users/mig/Desktop/大三上/artificial-intelligence/BP/Makefile&quot;  VERBOSE=1 clean"/>
					<DistClean command="/usr/bin/make -f &quot;/Users/mig/Desktop/大三上/artificial-intelligence/BP/Makefile&quot;  VERBOSE=1 clean"/>
				</MakeCommands>
			</Target>
			<Target title="bp-mac/fast">
				<Option output="/Users/mig/Desktop/大三上/artificial-intelligence/BP/bin/bp-mac" prefix_auto="0" extension_auto="0"/>
				<Option working_dir="/Users/mig/Desktop/大三上/artificial-intelligence/BP/bin"/>
				<Option object_output="./"/>
				<Option type="1"/>
				<Option compiler="gcc"/>
				<Compiler>
					<Add directory="/Users/mig/Desktop/大三上/artificial-intelligence/BP/."/>
				</Compiler>
				<MakeCommands>
					<Build command="/usr/bin/make -f &quot;/Users/mig/Desktop/大三上/artificial-intelligence/BP/Makefile&quot;  VERBOSE=1 bp-mac/fast"/>
					<CompileFile command="/usr/bin/make -f &quot;/Users/mig/Desktop/大三上/artificial-intelligence/BP/Makefile&quot;  VERBOSE=1 &quot;$file&quot;"/>
					<Clean command="/usr/bin/make -f &quot;/Users/mig/Desktop/大三上/artificial-intelligence/BP/Makefile&quot;  VERBOSE=1 clean"/>
					<DistClean command="/usr/bin/make -f &quot;/Users/mig/Desktop/大三上/artificial-intelligence/BP/Makefile&quot;  VERBOSE=1 clean"/>
				</MakeCommands>
			</Target>
		</Build>
		<Unit filename="/Users/mig/Desktop/大三上/artificial-intelligence/BP/src/CImg.h">
			<Option target="bp-mac"/>
		</Unit>
		<Unit filename="/Users/mig/Desktop/大三上/artificial-intelligence/BP/src/CImgMNistData.cpp">
			<Option target="bp-mac"/>
		</Unit>
		<Unit filename="/Users/mig/Desktop/大三上/artificial-intelligence/BP/src/CImgMNistData.h">
			<Option target="bp-mac"/>
		</Unit>
		<Unit filename="/Users/mig/Desktop/大三上/artificial-intelligence/BP/src/NeuralNetwork.cpp">
			<Option target="bp-mac"/>
		</Unit>
		<Unit filename="/Users/mig/Desktop/大三上/artificial-intelligence/BP/src/NeuralNetwork.h">
			<Option target="bp-mac"/>
		</Unit>
		<Unit filename="/Users/mig/Desktop/大三上/artificial-intelligence/BP/src/main.cpp">
			<Option target="bp-mac"/>
		</Unit>
		<Unit filename="/Users/mig/Desktop/大三上/artificial-intelligence/BP/src/testUtils.cpp">
			<Option target="bp-mac"/>
		</Unit>
		<Unit filename="/Users/mig/Desktop/大三上/artificial-intelligence/BP/src/testUtils.h">
			<Option target="bp-mac"/>
		</Unit>
		<Unit filename="/Users/mig/Desktop/大三上/artificial-intelligence/BP/CMakeLists.txt">
			<Option virtualFolder="CMake Files\"/>
		</Unit>
	</Project>
</CodeBlocks_project_file>
